[[tools.1password]]
version = "2.32.0"
backend = "aqua:1password/cli"

[[tools.container]]
version = "0.5.0"
backend = "aqua:apple/container"

[tools.container.platforms.macos-arm64]
checksum = "blake3:6363fe6d4aa8391c4c95b203ae2df87e1a6befe5ee6b82661d346965706c28ad"
size = 53214061
url = "https://github.com/apple/container/releases/download/0.5.0/container-0.5.0-installer-signed.pkg"

[[tools.shellcheck]]
version = "0.11.0"
backend = "ubi:koalaman/shellcheck"

[[tools.shfmt]]
version = "3.12.0"
backend = "aqua:mvdan/sh"

[[tools."ubi:securevale/swift-confidential"]]
version = "0.4.2"
backend = "ubi:securevale/swift-confidential"

[tools."ubi:securevale/swift-confidential".platforms.macos-arm64-swift-confidential]
checksum = "blake3:fba4f4ac242d8c5b991961e45662d71a14ada2e4dca556b71d3d22f58d25cd25"
