# @generated - this file is auto-generated by `mise lock` https://mise.jdx.dev/dev-tools/mise-lock.html

[[tools.1password]]
version = "2.33.1"
backend = "vfox:mise-plugins/vfox-1password"

[tools.1password."platforms.linux-arm64"]
url = "https://cache.agilebits.com/dist/1P/op2/pkg/v2.33.1/op_linux_arm64_v2.33.1.zip"

[tools.1password."platforms.linux-arm64-musl"]
url = "https://cache.agilebits.com/dist/1P/op2/pkg/v2.33.1/op_linux_arm64_v2.33.1.zip"

[tools.1password."platforms.linux-x64"]
url = "https://cache.agilebits.com/dist/1P/op2/pkg/v2.33.1/op_linux_amd64_v2.33.1.zip"

[tools.1password."platforms.linux-x64-musl"]
url = "https://cache.agilebits.com/dist/1P/op2/pkg/v2.33.1/op_linux_amd64_v2.33.1.zip"

[tools.1password."platforms.macos-arm64"]
url = "https://cache.agilebits.com/dist/1P/op2/pkg/v2.33.1/op_darwin_arm64_v2.33.1.zip"

[tools.1password."platforms.macos-x64"]
url = "https://cache.agilebits.com/dist/1P/op2/pkg/v2.33.1/op_darwin_amd64_v2.33.1.zip"

[tools.1password."platforms.windows-x64"]
url = "https://cache.agilebits.com/dist/1P/op2/pkg/v2.33.1/op_windows_amd64_v2.33.1.zip"

[[tools.container]]
version = "0.10.0"
backend = "aqua:apple/container"

[tools.container."platforms.macos-arm64"]
checksum = "sha256:c481ce355524d036c3cddac7fd281e31794d40690bf9a21f732ef3d76fa9fe08"
url = "https://github.com/apple/container/releases/download/0.10.0/container-0.10.0-installer-signed.pkg"

[tools.container."platforms.macos-x64"]
checksum = "sha256:c481ce355524d036c3cddac7fd281e31794d40690bf9a21f732ef3d76fa9fe08"
url = "https://github.com/apple/container/releases/download/0.10.0/container-0.10.0-installer-signed.pkg"

[[tools."github:securevale/swift-confidential"]]
version = "0.5.1"
backend = "github:securevale/swift-confidential"

[tools."github:securevale/swift-confidential"."platforms.macos-arm64"]
checksum = "sha256:b910e2e07720ad799c3f4c01fbe876b4a215d44935677445302e1c3bace3a2e6"
url = "https://github.com/securevale/swift-confidential/releases/download/0.5.1/SwiftConfidentialBinary-macos.artifactbundle.zip"
url_api = "https://api.github.com/repos/securevale/swift-confidential/releases/assets/343969798"

[tools."github:securevale/swift-confidential"."platforms.macos-x64"]
checksum = "sha256:b910e2e07720ad799c3f4c01fbe876b4a215d44935677445302e1c3bace3a2e6"
url = "https://github.com/securevale/swift-confidential/releases/download/0.5.1/SwiftConfidentialBinary-macos.artifactbundle.zip"
url_api = "https://api.github.com/repos/securevale/swift-confidential/releases/assets/343969798"

[[tools.shellcheck]]
version = "0.11.0"
backend = "aqua:koalaman/shellcheck"

[tools.shellcheck."platforms.linux-arm64"]
checksum = "sha256:12b331c1d2db6b9eb13cfca64306b1b157a86eb69db83023e261eaa7e7c14588"
url = "https://github.com/koalaman/shellcheck/releases/download/v0.11.0/shellcheck-v0.11.0.linux.aarch64.tar.xz"

[tools.shellcheck."platforms.linux-arm64-musl"]
checksum = "sha256:12b331c1d2db6b9eb13cfca64306b1b157a86eb69db83023e261eaa7e7c14588"
url = "https://github.com/koalaman/shellcheck/releases/download/v0.11.0/shellcheck-v0.11.0.linux.aarch64.tar.xz"

[tools.shellcheck."platforms.linux-x64"]
checksum = "sha256:8c3be12b05d5c177a04c29e3c78ce89ac86f1595681cab149b65b97c4e227198"
url = "https://github.com/koalaman/shellcheck/releases/download/v0.11.0/shellcheck-v0.11.0.linux.x86_64.tar.xz"

[tools.shellcheck."platforms.linux-x64-musl"]
checksum = "sha256:8c3be12b05d5c177a04c29e3c78ce89ac86f1595681cab149b65b97c4e227198"
url = "https://github.com/koalaman/shellcheck/releases/download/v0.11.0/shellcheck-v0.11.0.linux.x86_64.tar.xz"

[tools.shellcheck."platforms.macos-arm64"]
checksum = "sha256:56affdd8de5527894dca6dc3d7e0a99a873b0f004d7aabc30ae407d3f48b0a79"
url = "https://github.com/koalaman/shellcheck/releases/download/v0.11.0/shellcheck-v0.11.0.darwin.aarch64.tar.xz"

[tools.shellcheck."platforms.macos-x64"]
checksum = "sha256:3c89db4edcab7cf1c27bff178882e0f6f27f7afdf54e859fa041fca10febe4c6"
url = "https://github.com/koalaman/shellcheck/releases/download/v0.11.0/shellcheck-v0.11.0.darwin.x86_64.tar.xz"

[tools.shellcheck."platforms.windows-x64"]
checksum = "sha256:8a4e35ab0b331c85d73567b12f2a444df187f483e5079ceffa6bda1faa2e740e"
url = "https://github.com/koalaman/shellcheck/releases/download/v0.11.0/shellcheck-v0.11.0.zip"

[[tools.shfmt]]
version = "3.13.0"
backend = "aqua:mvdan/sh"

[tools.shfmt."platforms.linux-arm64"]
checksum = "sha256:2091a31afd47742051a77bf7cfd175533ab07e924c20ef3151cd108fa1cab5b0"
url = "https://github.com/mvdan/sh/releases/download/v3.13.0/shfmt_v3.13.0_linux_arm64"

[tools.shfmt."platforms.linux-arm64-musl"]
checksum = "sha256:2091a31afd47742051a77bf7cfd175533ab07e924c20ef3151cd108fa1cab5b0"
url = "https://github.com/mvdan/sh/releases/download/v3.13.0/shfmt_v3.13.0_linux_arm64"

[tools.shfmt."platforms.linux-x64"]
checksum = "sha256:70aa99784703a8d6569bbf0b1e43e1a91906a4166bf1a79de42050a6d0de7551"
url = "https://github.com/mvdan/sh/releases/download/v3.13.0/shfmt_v3.13.0_linux_amd64"

[tools.shfmt."platforms.linux-x64-musl"]
checksum = "sha256:70aa99784703a8d6569bbf0b1e43e1a91906a4166bf1a79de42050a6d0de7551"
url = "https://github.com/mvdan/sh/releases/download/v3.13.0/shfmt_v3.13.0_linux_amd64"

[tools.shfmt."platforms.macos-arm64"]
checksum = "sha256:650970603b5946dc6041836ddcfa7a19d99b5da885e4687f64575508e99cf718"
url = "https://github.com/mvdan/sh/releases/download/v3.13.0/shfmt_v3.13.0_darwin_arm64"

[tools.shfmt."platforms.macos-x64"]
checksum = "sha256:b6890a0009abf71d36d7c536ad56e3132c547ceb77cd5d5ee62b3469ab4e9417"
url = "https://github.com/mvdan/sh/releases/download/v3.13.0/shfmt_v3.13.0_darwin_amd64"

[tools.shfmt."platforms.windows-x64"]
checksum = "sha256:62241aaf6b0ca236f8625d8892784b73fa67ad40bc677a1ad1a64ae395f6a7d5"
url = "https://github.com/mvdan/sh/releases/download/v3.13.0/shfmt_v3.13.0_windows_amd64.exe"
